
Microsoft Visual Studio Solution File, Format Version 12.00
# Visual Studio Version 16
VisualStudioVersion = 16.0.29728.190
MinimumVisualStudioVersion = 10.0.40219.1
Project("{FAE04EC0-301F-11D3-BF4B-00C04F79EFBC}") = "TorrentTray", "TorrentTray\TorrentTray.csproj", "{CCCD5B1F-C99F-4845-9AC0-895155E04230}"
EndProject
Global
	GlobalSection(SolutionConfigurationPlatforms) = preSolution
		Debug|Any CPU = Debug|Any CPU
		Debug|x64 = Debug|x64
		Release|Any CPU = Release|Any CPU
		Release|x64 = Release|x64
	EndGlobalSection
	GlobalSection(ProjectConfigurationPlatforms) = postSolution
		{CCCD5B1F-C99F-4845-9AC0-895155E04230}.Debug|Any CPU.ActiveCfg = Debug|Any CPU
		{CCCD5B1F-C99F-4845-9AC0-895155E04230}.Debug|Any CPU.Build.0 = Debug|Any CPU
		{CCCD5B1F-C99F-4845-9AC0-895155E04230}.Debug|x64.ActiveCfg = Debug|x64
		{CCCD5B1F-C99F-4845-9AC0-895155E04230}.Debug|x64.Build.0 = Debug|x64
		{CCCD5B1F-C99F-4845-9AC0-895155E04230}.Release|Any CPU.ActiveCfg = Release|Any CPU
		{CCCD5B1F-C99F-4845-9AC0-895155E04230}.Release|Any CPU.Build.0 = Release|Any CPU
		{CCCD5B1F-C99F-4845-9AC0-895155E04230}.Release|x64.ActiveCfg = Release|x64
		{CCCD5B1F-C99F-4845-9AC0-895155E04230}.Release|x64.Build.0 = Release|x64
	EndGlobalSection
	GlobalSection(SolutionProperties) = preSolution
		HideSolutionNode = FALSE
	EndGlobalSection
	GlobalSection(ExtensibilityGlobals) = postSolution
		SolutionGuid = {335AB03D-66AC-4D90-8C2F-B305B14A3E14}
	EndGlobalSection
EndGlobal
